// !$*UTF8*$!
{
	archiveVersion = 1;
	classes = {
	};
	objectVersion = 50;
	objects = {

/* Begin PBXBuildFile section */
		0796B9EEA41F140C07B5A1F5 /* Pods_iMusic.framework in Frameworks */ = {isa = PBXBuildFile; fileRef = 5EE340D8BBA2C7964DE882E6 /* Pods_iMusic.framework */; };
		BA852F33285F4137C5CB7D9C /* Pods_iMusicTests.framework in Frameworks */ = {isa = PBXBuildFile; fileRef = 366778E00E7FCB5B68CEE96D /* Pods_iMusicTests.framework */; };
		C86CB6792221EC430029D757 /* AppDelegate.swift in Sources */ = {isa = PBXBuildFile; fileRef = C86CB6782221EC430029D757 /* AppDelegate.swift */; };
		C86CB67B2221EC430029D757 /* ViewController.swift in Sources */ = {isa = PBXBuildFile; fileRef = C86CB67A2221EC430029D757 /* ViewController.swift */; };
		C86CB67E2221EC430029D757 /* Main.storyboard in Resources */ = {isa = PBXBuildFile; fileRef = C86CB67C2221EC430029D757 /* Main.storyboard */; };
		C86CB6802221EC450029D757 /* Assets.xcassets in Resources */ = {isa = PBXBuildFile; fileRef = C86CB67F2221EC450029D757 /* Assets.xcassets */; };
		C86CB6832221EC450029D757 /* LaunchScreen.storyboard in Resources */ = {isa = PBXBuildFile; fileRef = C86CB6812221EC450029D757 /* LaunchScreen.storyboard */; };
		C86CB68E2221EC450029D757 /* iMusicTests.swift in Sources */ = {isa = PBXBuildFile; fileRef = C86CB68D2221EC450029D757 /* iMusicTests.swift */; };
		C86CB6A32221EEF90029D757 /* Reachability.m in Sources */ = {isa = PBXBuildFile; fileRef = C86CB6A02221EEF80029D757 /* Reachability.m */; };
		C86CB6A42221EEF90029D757 /* ReachabilityManager.swift in Sources */ = {isa = PBXBuildFile; fileRef = C86CB6A12221EEF80029D757 /* ReachabilityManager.swift */; };
/* End PBXBuildFile section */

/* Begin PBXContainerItemProxy section */
		C86CB68A2221EC450029D757 /* PBXContainerItemProxy */ = {
			isa = PBXContainerItemProxy;
			containerPortal = C86CB66D2221EC430029D757 /* Project object */;
			proxyType = 1;
			remoteGlobalIDString = C86CB6742221EC430029D757;
			remoteInfo = iMusic;
		};
/* End PBXContainerItemProxy section */

/* Begin PBXFileReference section */
		366778E00E7FCB5B68CEE96D /* Pods_iMusicTests.framework */ = {isa = PBXFileReference; explicitFileType = wrapper.framework; includeInIndex = 0; path = Pods_iMusicTests.framework; sourceTree = BUILT_PRODUCTS_DIR; };
		4782E12CE8F8074C378D86DD /* Pods-iMusic.release.xcconfig */ = {isa = PBXFileReference; includeInIndex = 1; lastKnownFileType = text.xcconfig; name = "Pods-iMusic.release.xcconfig"; path = "Pods/Target Support Files/Pods-iMusic/Pods-iMusic.release.xcconfig"; sourceTree = "<group>"; };
		5EE340D8BBA2C7964DE882E6 /* Pods_iMusic.framework */ = {isa = PBXFileReference; explicitFileType = wrapper.framework; includeInIndex = 0; path = Pods_iMusic.framework; sourceTree = BUILT_PRODUCTS_DIR; };
		A047355BF7D08F3BAC4B2F14 /* Pods-iMusic.debug.xcconfig */ = {isa = PBXFileReference; includeInIndex = 1; lastKnownFileType = text.xcconfig; name = "Pods-iMusic.debug.xcconfig"; path = "Pods/Target Support Files/Pods-iMusic/Pods-iMusic.debug.xcconfig"; sourceTree = "<group>"; };
		AA05270CB6B3B55EABD099FA /* Pods-iMusicTests.release.xcconfig */ = {isa = PBXFileReference; includeInIndex = 1; lastKnownFileType = text.xcconfig; name = "Pods-iMusicTests.release.xcconfig"; path = "Pods/Target Support Files/Pods-iMusicTests/Pods-iMusicTests.release.xcconfig"; sourceTree = "<group>"; };
		C86CB6752221EC430029D757 /* iMusic.app */ = {isa = PBXFileReference; explicitFileType = wrapper.application; includeInIndex = 0; path = iMusic.app; sourceTree = BUILT_PRODUCTS_DIR; };
		C86CB6782221EC430029D757 /* AppDelegate.swift */ = {isa = PBXFileReference; lastKnownFileType = sourcecode.swift; path = AppDelegate.swift; sourceTree = "<group>"; };
		C86CB67A2221EC430029D757 /* ViewController.swift */ = {isa = PBXFileReference; lastKnownFileType = sourcecode.swift; path = ViewController.swift; sourceTree = "<group>"; };
		C86CB67D2221EC430029D757 /* Base */ = {isa = PBXFileReference; lastKnownFileType = file.storyboard; name = Base; path = Base.lproj/Main.storyboard; sourceTree = "<group>"; };
		C86CB67F2221EC450029D757 /* Assets.xcassets */ = {isa = PBXFileReference; lastKnownFileType = folder.assetcatalog; path = Assets.xcassets; sourceTree = "<group>"; };
		C86CB6822221EC450029D757 /* Base */ = {isa = PBXFileReference; lastKnownFileType = file.storyboard; name = Base; path = Base.lproj/LaunchScreen.storyboard; sourceTree = "<group>"; };
		C86CB6842221EC450029D757 /* Info.plist */ = {isa = PBXFileReference; lastKnownFileType = text.plist.xml; path = Info.plist; sourceTree = "<group>"; };
		C86CB6892221EC450029D757 /* iMusicTests.xctest */ = {isa = PBXFileReference; explicitFileType = wrapper.cfbundle; includeInIndex = 0; path = iMusicTests.xctest; sourceTree = BUILT_PRODUCTS_DIR; };
		C86CB68D2221EC450029D757 /* iMusicTests.swift */ = {isa = PBXFileReference; lastKnownFileType = sourcecode.swift; path = iMusicTests.swift; sourceTree = "<group>"; };
		C86CB68F2221EC450029D757 /* Info.plist */ = {isa = PBXFileReference; lastKnownFileType = text.plist.xml; path = Info.plist; sourceTree = "<group>"; };
		C86CB69E2221EE870029D757 /* iMusic-Bridging-Header.h */ = {isa = PBXFileReference; lastKnownFileType = sourcecode.c.h; path = "iMusic-Bridging-Header.h"; sourceTree = "<group>"; };
		C86CB6A02221EEF80029D757 /* Reachability.m */ = {isa = PBXFileReference; fileEncoding = 4; lastKnownFileType = sourcecode.c.objc; path = Reachability.m; sourceTree = "<group>"; };
		C86CB6A12221EEF80029D757 /* ReachabilityManager.swift */ = {isa = PBXFileReference; fileEncoding = 4; lastKnownFileType = sourcecode.swift; path = ReachabilityManager.swift; sourceTree = "<group>"; };
		C86CB6A22221EEF80029D757 /* Reachability.h */ = {isa = PBXFileReference; fileEncoding = 4; lastKnownFileType = sourcecode.c.h; path = Reachability.h; sourceTree = "<group>"; };
		F1BF6098B5FC59ED6AC563F7 /* Pods-iMusicTests.debug.xcconfig */ = {isa = PBXFileReference; includeInIndex = 1; lastKnownFileType = text.xcconfig; name = "Pods-iMusicTests.debug.xcconfig"; path = "Pods/Target Support Files/Pods-iMusicTests/Pods-iMusicTests.debug.xcconfig"; sourceTree = "<group>"; };
/* End PBXFileReference section */

/* Begin PBXFrameworksBuildPhase section */
		C86CB6722221EC430029D757 /* Frameworks */ = {
			isa = PBXFrameworksBuildPhase;
			buildActionMask = 2147483647;
			files = (
				0796B9EEA41F140C07B5A1F5 /* Pods_iMusic.framework in Frameworks */,
			);
			runOnlyForDeploymentPostprocessing = 0;
		};
		C86CB6862221EC450029D757 /* Frameworks */ = {
			isa = PBXFrameworksBuildPhase;
			buildActionMask = 2147483647;
			files = (
				BA852F33285F4137C5CB7D9C /* Pods_iMusicTests.framework in Frameworks */,
			);
			runOnlyForDeploymentPostprocessing = 0;
		};
/* End PBXFrameworksBuildPhase section */

/* Begin PBXGroup section */
		B1F5BA19E8BD35F36FBD3A17 /* Frameworks */ = {
			isa = PBXGroup;
			children = (
				5EE340D8BBA2C7964DE882E6 /* Pods_iMusic.framework */,
				366778E00E7FCB5B68CEE96D /* Pods_iMusicTests.framework */,
			);
			name = Frameworks;
			sourceTree = "<group>";
		};
		C86CB66C2221EC430029D757 = {
			isa = PBXGroup;
			children = (
				C86CB6772221EC430029D757 /* iMusic */,
				C86CB68C2221EC450029D757 /* iMusicTests */,
				C86CB6762221EC430029D757 /* Products */,
				FA616C2B4FC51036E47DED90 /* Pods */,
				B1F5BA19E8BD35F36FBD3A17 /* Frameworks */,
			);
			sourceTree = "<group>";
		};
		C86CB6762221EC430029D757 /* Products */ = {
			isa = PBXGroup;
			children = (
				C86CB6752221EC430029D757 /* iMusic.app */,
				C86CB6892221EC450029D757 /* iMusicTests.xctest */,
			);
			name = Products;
			sourceTree = "<group>";
		};
		C86CB6772221EC430029D757 /* iMusic */ = {
			isa = PBXGroup;
			children = (
				C86CB69E2221EE870029D757 /* iMusic-Bridging-Header.h */,
				C86CB6782221EC430029D757 /* AppDelegate.swift */,
				C86CB67A2221EC430029D757 /* ViewController.swift */,
				C86CB67C2221EC430029D757 /* Main.storyboard */,
				C86CB6982221EDEA0029D757 /* Views */,
				C86CB69A2221EE050029D757 /* Network */,
				C86CB69B2221EE140029D757 /* Managers */,
				C86CB69C2221EE240029D757 /* Extensions */,
				C86CB69D2221EE320029D757 /* Resources */,
				C86CB67F2221EC450029D757 /* Assets.xcassets */,
				C86CB6812221EC450029D757 /* LaunchScreen.storyboard */,
				C86CB6842221EC450029D757 /* Info.plist */,
			);
			path = iMusic;
			sourceTree = "<group>";
		};
		C86CB68C2221EC450029D757 /* iMusicTests */ = {
			isa = PBXGroup;
			children = (
				C86CB68D2221EC450029D757 /* iMusicTests.swift */,
				C86CB68F2221EC450029D757 /* Info.plist */,
			);
			path = iMusicTests;
			sourceTree = "<group>";
		};
		C86CB6982221EDEA0029D757 /* Views */ = {
			isa = PBXGroup;
			children = (
			);
			path = Views;
			sourceTree = "<group>";
		};
		C86CB69A2221EE050029D757 /* Network */ = {
			isa = PBXGroup;
			children = (
			);
			path = Network;
			sourceTree = "<group>";
		};
		C86CB69B2221EE140029D757 /* Managers */ = {
			isa = PBXGroup;
			children = (
				C86CB69F2221EEF80029D757 /* Reachability Manager */,
			);
			path = Managers;
			sourceTree = "<group>";
		};
		C86CB69C2221EE240029D757 /* Extensions */ = {
			isa = PBXGroup;
			children = (
			);
			path = Extensions;
			sourceTree = "<group>";
		};
		C86CB69D2221EE320029D757 /* Resources */ = {
			isa = PBXGroup;
			children = (
			);
			path = Resources;
			sourceTree = "<group>";
		};
		C86CB69F2221EEF80029D757 /* Reachability Manager */ = {
			isa = PBXGroup;
			children = (
				C86CB6A22221EEF80029D757 /* Reachability.h */,
				C86CB6A02221EEF80029D757 /* Reachability.m */,
				C86CB6A12221EEF80029D757 /* ReachabilityManager.swift */,
			);
			path = "Reachability Manager";
			sourceTree = "<group>";
		};
		FA616C2B4FC51036E47DED90 /* Pods */ = {
			isa = PBXGroup;
			children = (
				A047355BF7D08F3BAC4B2F14 /* Pods-iMusic.debug.xcconfig */,
				4782E12CE8F8074C378D86DD /* Pods-iMusic.release.xcconfig */,
				F1BF6098B5FC59ED6AC563F7 /* Pods-iMusicTests.debug.xcconfig */,
				AA05270CB6B3B55EABD099FA /* Pods-iMusicTests.release.xcconfig */,
			);
			name = Pods;
			sourceTree = "<group>";
		};
/* End PBXGroup section */

/* Begin PBXNativeTarget section */
		C86CB6742221EC430029D757 /* iMusic */ = {
			isa = PBXNativeTarget;
			buildConfigurationList = C86CB6922221EC450029D757 /* Build configuration list for PBXNativeTarget "iMusic" */;
			buildPhases = (
				BF5309D75F7A985B73E15D6B /* [CP] Check Pods Manifest.lock */,
				C86CB6712221EC430029D757 /* Sources */,
				C86CB6722221EC430029D757 /* Frameworks */,
				C86CB6732221EC430029D757 /* Resources */,
				B3AA82D707680C1F8BEA3592 /* [CP] Embed Pods Frameworks */,
			);
			buildRules = (
			);
			dependencies = (
			);
			name = iMusic;
			productName = iMusic;
			productReference = C86CB6752221EC430029D757 /* iMusic.app */;
			productType = "com.apple.product-type.application";
		};
		C86CB6882221EC450029D757 /* iMusicTests */ = {
			isa = PBXNativeTarget;
			buildConfigurationList = C86CB6952221EC450029D757 /* Build configuration list for PBXNativeTarget "iMusicTests" */;
			buildPhases = (
				95B1906680F6BA7D3CF9CAC5 /* [CP] Check Pods Manifest.lock */,
				C86CB6852221EC450029D757 /* Sources */,
				C86CB6862221EC450029D757 /* Frameworks */,
				C86CB6872221EC450029D757 /* Resources */,
				A8AC5CE92B392683DCA411FE /* [CP] Embed Pods Frameworks */,
			);
			buildRules = (
			);
			dependencies = (
				C86CB68B2221EC450029D757 /* PBXTargetDependency */,
			);
			name = iMusicTests;
			productName = iMusicTests;
			productReference = C86CB6892221EC450029D757 /* iMusicTests.xctest */;
			productType = "com.apple.product-type.bundle.unit-test";
		};
/* End PBXNativeTarget section */

/* Begin PBXProject section */
		C86CB66D2221EC430029D757 /* Project object */ = {
			isa = PBXProject;
			attributes = {
				LastSwiftUpdateCheck = 1010;
				LastUpgradeCheck = 1010;
				ORGANIZATIONNAME = Pijp;
				TargetAttributes = {
					C86CB6742221EC430029D757 = {
						CreatedOnToolsVersion = 10.1;
					};
					C86CB6882221EC450029D757 = {
						CreatedOnToolsVersion = 10.1;
						TestTargetID = C86CB6742221EC430029D757;
					};
				};
			};
			buildConfigurationList = C86CB6702221EC430029D757 /* Build configuration list for PBXProject "iMusic" */;
			compatibilityVersion = "Xcode 9.3";
			developmentRegion = en;
			hasScannedForEncodings = 0;
			knownRegions = (
				en,
				Base,
			);
			mainGroup = C86CB66C2221EC430029D757;
			productRefGroup = C86CB6762221EC430029D757 /* Products */;
			projectDirPath = "";
			projectRoot = "";
			targets = (
				C86CB6742221EC430029D757 /* iMusic */,
				C86CB6882221EC450029D757 /* iMusicTests */,
			);
		};
/* End PBXProject section */

/* Begin PBXResourcesBuildPhase section */
		C86CB6732221EC430029D757 /* Resources */ = {
			isa = PBXResourcesBuildPhase;
			buildActionMask = 2147483647;
			files = (
				C86CB6832221EC450029D757 /* LaunchScreen.storyboard in Resources */,
				C86CB6802221EC450029D757 /* Assets.xcassets in Resources */,
				C86CB67E2221EC430029D757 /* Main.storyboard in Resources */,
			);
			runOnlyForDeploymentPostprocessing = 0;
		};
		C86CB6872221EC450029D757 /* Resources */ = {
			isa = PBXResourcesBuildPhase;
			buildActionMask = 2147483647;
			files = (
			);
			runOnlyForDeploymentPostprocessing = 0;
		};
/* End PBXResourcesBuildPhase section */

/* Begin PBXShellScriptBuildPhase section */
		95B1906680F6BA7D3CF9CAC5 /* [CP] Check Pods Manifest.lock */ = {
			isa = PBXShellScriptBuildPhase;
			buildActionMask = 2147483647;
			files = (
			);
			inputFileListPaths = (
			);
			inputPaths = (
				"${PODS_PODFILE_DIR_PATH}/Podfile.lock",
				"${PODS_ROOT}/Manifest.lock",
			);
			name = "[CP] Check Pods Manifest.lock";
			outputFileListPaths = (
			);
			outputPaths = (
				"$(DERIVED_FILE_DIR)/Pods-iMusicTests-checkManifestLockResult.txt",
			);
			runOnlyForDeploymentPostprocessing = 0;
			shellPath = /bin/sh;
			shellScript = "diff \"${PODS_PODFILE_DIR_PATH}/Podfile.lock\" \"${PODS_ROOT}/Manifest.lock\" > /dev/null\nif [ $? != 0 ] ; then\n    # print error to STDERR\n    echo \"error: The sandbox is not in sync with the Podfile.lock. Run 'pod install' or update your CocoaPods installation.\" >&2\n    exit 1\nfi\n# This output is used by Xcode 'outputs' to avoid re-running this script phase.\necho \"SUCCESS\" > \"${SCRIPT_OUTPUT_FILE_0}\"\n";
			showEnvVarsInLog = 0;
		};
		A8AC5CE92B392683DCA411FE /* [CP] Embed Pods Frameworks */ = {
			isa = PBXShellScriptBuildPhase;
			buildActionMask = 2147483647;
			files = (
			);
			inputFileListPaths = (
			);
			inputPaths = (
				"${SRCROOT}/Pods/Target Support Files/Pods-iMusicTests/Pods-iMusicTests-frameworks.sh",
				"${BUILT_PRODUCTS_DIR}/Haneke/Haneke.framework",
				"${BUILT_PRODUCTS_DIR}/Realm/Realm.framework",
				"${BUILT_PRODUCTS_DIR}/RealmSwift/RealmSwift.framework",
				"${BUILT_PRODUCTS_DIR}/SVProgressHUD/SVProgressHUD.framework",
			);
			name = "[CP] Embed Pods Frameworks";
			outputFileListPaths = (
			);
			outputPaths = (
				"${TARGET_BUILD_DIR}/${FRAMEWORKS_FOLDER_PATH}/Haneke.framework",
				"${TARGET_BUILD_DIR}/${FRAMEWORKS_FOLDER_PATH}/Realm.framework",
				"${TARGET_BUILD_DIR}/${FRAMEWORKS_FOLDER_PATH}/RealmSwift.framework",
				"${TARGET_BUILD_DIR}/${FRAMEWORKS_FOLDER_PATH}/SVProgressHUD.framework",
			);
			runOnlyForDeploymentPostprocessing = 0;
			shellPath = /bin/sh;
			shellScript = "\"${SRCROOT}/Pods/Target Support Files/Pods-iMusicTests/Pods-iMusicTests-frameworks.sh\"\n";
			showEnvVarsInLog = 0;
		};
		B3AA82D707680C1F8BEA3592 /* [CP] Embed Pods Frameworks */ = {
			isa = PBXShellScriptBuildPhase;
			buildActionMask = 2147483647;
			files = (
			);
			inputFileListPaths = (
			);
			inputPaths = (
				"${SRCROOT}/Pods/Target Support Files/Pods-iMusic/Pods-iMusic-frameworks.sh",
				"${BUILT_PRODUCTS_DIR}/Haneke/Haneke.framework",
				"${BUILT_PRODUCTS_DIR}/Realm/Realm.framework",
				"${BUILT_PRODUCTS_DIR}/RealmSwift/RealmSwift.framework",
				"${BUILT_PRODUCTS_DIR}/SVProgressHUD/SVProgressHUD.framework",
			);
			name = "[CP] Embed Pods Frameworks";
			outputFileListPaths = (
			);
			outputPaths = (
				"${TARGET_BUILD_DIR}/${FRAMEWORKS_FOLDER_PATH}/Haneke.framework",
				"${TARGET_BUILD_DIR}/${FRAMEWORKS_FOLDER_PATH}/Realm.framework",
				"${TARGET_BUILD_DIR}/${FRAMEWORKS_FOLDER_PATH}/RealmSwift.framework",
				"${TARGET_BUILD_DIR}/${FRAMEWORKS_FOLDER_PATH}/SVProgressHUD.framework",
			);
			runOnlyForDeploymentPostprocessing = 0;
			shellPath = /bin/sh;
			shellScript = "\"${SRCROOT}/Pods/Target Support Files/Pods-iMusic/Pods-iMusic-frameworks.sh\"\n";
			showEnvVarsInLog = 0;
		};
		BF5309D75F7A985B73E15D6B /* [CP] Check Pods Manifest.lock */ = {
			isa = PBXShellScriptBuildPhase;
			buildActionMask = 2147483647;
			files = (
			);
			inputFileListPaths = (
			);
			inputPaths = (
				"${PODS_PODFILE_DIR_PATH}/Podfile.lock",
				"${PODS_ROOT}/Manifest.lock",
			);
			name = "[CP] Check Pods Manifest.lock";
			outputFileListPaths = (
			);
			outputPaths = (
				"$(DERIVED_FILE_DIR)/Pods-iMusic-checkManifestLockResult.txt",
			);
			runOnlyForDeploymentPostprocessing = 0;
			shellPath = /bin/sh;
			shellScript = "diff \"${PODS_PODFILE_DIR_PATH}/Podfile.lock\" \"${PODS_ROOT}/Manifest.lock\" > /dev/null\nif [ $? != 0 ] ; then\n    # print error to STDERR\n    echo \"error: The sandbox is not in sync with the Podfile.lock. Run 'pod install' or update your CocoaPods installation.\" >&2\n    exit 1\nfi\n# This output is used by Xcode 'outputs' to avoid re-running this script phase.\necho \"SUCCESS\" > \"${SCRIPT_OUTPUT_FILE_0}\"\n";
			showEnvVarsInLog = 0;
		};
/* End PBXShellScriptBuildPhase section */

/* Begin PBXSourcesBuildPhase section */
		C86CB6712221EC430029D757 /* Sources */ = {
			isa = PBXSourcesBuildPhase;
			buildActionMask = 2147483647;
			files = (
				C86CB6A42221EEF90029D757 /* ReachabilityManager.swift in Sources */,
				C86CB67B2221EC430029D757 /* ViewController.swift in Sources */,
				C86CB6A32221EEF90029D757 /* Reachability.m in Sources */,
				C86CB6792221EC430029D757 /* AppDelegate.swift in Sources */,
			);
			runOnlyForDeploymentPostprocessing = 0;
		};
		C86CB6852221EC450029D757 /* Sources */ = {
			isa = PBXSourcesBuildPhase;
			buildActionMask = 2147483647;
			files = (
				C86CB68E2221EC450029D757 /* iMusicTests.swift in Sources */,
			);
			runOnlyForDeploymentPostprocessing = 0;
		};
/* End PBXSourcesBuildPhase section */

/* Begin PBXTargetDependency section */
		C86CB68B2221EC450029D757 /* PBXTargetDependency */ = {
			isa = PBXTargetDependency;
			target = C86CB6742221EC430029D757 /* iMusic */;
			targetProxy = C86CB68A2221EC450029D757 /* PBXContainerItemProxy */;
		};
/* End PBXTargetDependency section */

/* Begin PBXVariantGroup section */
		C86CB67C2221EC430029D757 /* Main.storyboard */ = {
			isa = PBXVariantGroup;
			children = (
				C86CB67D2221EC430029D757 /* Base */,
			);
			name = Main.storyboard;
			sourceTree = "<group>";
		};
		C86CB6812221EC450029D757 /* LaunchScreen.storyboard */ = {
			isa = PBXVariantGroup;
			children = (
				C86CB6822221EC450029D757 /* Base */,
			);
			name = LaunchScreen.storyboard;
			sourceTree = "<group>";
		};
/* End PBXVariantGroup section */

/* Begin XCBuildConfiguration section */
		C86CB6902221EC450029D757 /* Debug */ = {
			isa = XCBuildConfiguration;
			buildSettings = {
				ALWAYS_SEARCH_USER_PATHS = NO;
				CLANG_ANALYZER_NONNULL = YES;
				CLANG_ANALYZER_NUMBER_OBJECT_CONVERSION = YES_AGGRESSIVE;
				CLANG_CXX_LANGUAGE_STANDARD = "gnu++14";
				CLANG_CXX_LIBRARY = "libc++";
				CLANG_ENABLE_MODULES = YES;
				CLANG_ENABLE_OBJC_ARC = YES;
				CLANG_ENABLE_OBJC_WEAK = YES;
				CLANG_WARN_BLOCK_CAPTURE_AUTORELEASING = YES;
				CLANG_WARN_BOOL_CONVERSION = YES;
				CLANG_WARN_COMMA = YES;
				CLANG_WARN_CONSTANT_CONVERSION = YES;
				CLANG_WARN_DEPRECATED_OBJC_IMPLEMENTATIONS = YES;
				CLANG_WARN_DIRECT_OBJC_ISA_USAGE = YES_ERROR;
				CLANG_WARN_DOCUMENTATION_COMMENTS = YES;
				CLANG_WARN_EMPTY_BODY = YES;
				CLANG_WARN_ENUM_CONVERSION = YES;
				CLANG_WARN_INFINITE_RECURSION = YES;
				CLANG_WARN_INT_CONVERSION = YES;
				CLANG_WARN_NON_LITERAL_NULL_CONVERSION = YES;
				CLANG_WARN_OBJC_IMPLICIT_RETAIN_SELF = YES;
				CLANG_WARN_OBJC_LITERAL_CONVERSION = YES;
				CLANG_WARN_OBJC_ROOT_CLASS = YES_ERROR;
				CLANG_WARN_RANGE_LOOP_ANALYSIS = YES;
				CLANG_WARN_STRICT_PROTOTYPES = YES;
				CLANG_WARN_SUSPICIOUS_MOVE = YES;
				CLANG_WARN_UNGUARDED_AVAILABILITY = YES_AGGRESSIVE;
				CLANG_WARN_UNREACHABLE_CODE = YES;
				CLANG_WARN__DUPLICATE_METHOD_MATCH = YES;
				CODE_SIGN_IDENTITY = "iPhone Developer";
				COPY_PHASE_STRIP = NO;
				DEBUG_INFORMATION_FORMAT = dwarf;
				ENABLE_STRICT_OBJC_MSGSEND = YES;
				ENABLE_TESTABILITY = YES;
				GCC_C_LANGUAGE_STANDARD = gnu11;
				GCC_DYNAMIC_NO_PIC = NO;
				GCC_NO_COMMON_BLOCKS = YES;
				GCC_OPTIMIZATION_LEVEL = 0;
				GCC_PREPROCESSOR_DEFINITIONS = (
					"DEBUG=1",
					"$(inherited)",
				);
				GCC_WARN_64_TO_32_BIT_CONVERSION = YES;
				GCC_WARN_ABOUT_RETURN_TYPE = YES_ERROR;
				GCC_WARN_UNDECLARED_SELECTOR = YES;
				GCC_WARN_UNINITIALIZED_AUTOS = YES_AGGRESSIVE;
				GCC_WARN_UNUSED_FUNCTION = YES;
				GCC_WARN_UNUSED_VARIABLE = YES;
				IPHONEOS_DEPLOYMENT_TARGET = 12.1;
				MTL_ENABLE_DEBUG_INFO = INCLUDE_SOURCE;
				MTL_FAST_MATH = YES;
				ONLY_ACTIVE_ARCH = YES;
				SDKROOT = iphoneos;
				SWIFT_ACTIVE_COMPILATION_CONDITIONS = DEBUG;
				SWIFT_OPTIMIZATION_LEVEL = "-Onone";
			};
			name = Debug;
		};
		C86CB6912221EC450029D757 /* Release */ = {
			isa = XCBuildConfiguration;
			buildSettings = {
				ALWAYS_SEARCH_USER_PATHS = NO;
				CLANG_ANALYZER_NONNULL = YES;
				CLANG_ANALYZER_NUMBER_OBJECT_CONVERSION = YES_AGGRESSIVE;
				CLANG_CXX_LANGUAGE_STANDARD = "gnu++14";
				CLANG_CXX_LIBRARY = "libc++";
				CLANG_ENABLE_MODULES = YES;
				CLANG_ENABLE_OBJC_ARC = YES;
				CLANG_ENABLE_OBJC_WEAK = YES;
				CLANG_WARN_BLOCK_CAPTURE_AUTORELEASING = YES;
				CLANG_WARN_BOOL_CONVERSION = YES;
				CLANG_WARN_COMMA = YES;
				CLANG_WARN_CONSTANT_CONVERSION = YES;
				CLANG_WARN_DEPRECATED_OBJC_IMPLEMENTATIONS = YES;
				CLANG_WARN_DIRECT_OBJC_ISA_USAGE = YES_ERROR;
				CLANG_WARN_DOCUMENTATION_COMMENTS = YES;
				CLANG_WARN_EMPTY_BODY = YES;
				CLANG_WARN_ENUM_CONVERSION = YES;
				CLANG_WARN_INFINITE_RECURSION = YES;
				CLANG_WARN_INT_CONVERSION = YES;
				CLANG_WARN_NON_LITERAL_NULL_CONVERSION = YES;
				CLANG_WARN_OBJC_IMPLICIT_RETAIN_SELF = YES;
				CLANG_WARN_OBJC_LITERAL_CONVERSION = YES;
				CLANG_WARN_OBJC_ROOT_CLASS = YES_ERROR;
				CLANG_WARN_RANGE_LOOP_ANALYSIS = YES;
				CLANG_WARN_STRICT_PROTOTYPES = YES;
				CLANG_WARN_SUSPICIOUS_MOVE = YES;
				CLANG_WARN_UNGUARDED_AVAILABILITY = YES_AGGRESSIVE;
				CLANG_WARN_UNREACHABLE_CODE = YES;
				CLANG_WARN__DUPLICATE_METHOD_MATCH = YES;
				CODE_SIGN_IDENTITY = "iPhone Developer";
				COPY_PHASE_STRIP = NO;
				DEBUG_INFORMATION_FORMAT = "dwarf-with-dsym";
				ENABLE_NS_ASSERTIONS = NO;
				ENABLE_STRICT_OBJC_MSGSEND = YES;
				GCC_C_LANGUAGE_STANDARD = gnu11;
				GCC_NO_COMMON_BLOCKS = YES;
				GCC_WARN_64_TO_32_BIT_CONVERSION = YES;
				GCC_WARN_ABOUT_RETURN_TYPE = YES_ERROR;
				GCC_WARN_UNDECLARED_SELECTOR = YES;
				GCC_WARN_UNINITIALIZED_AUTOS = YES_AGGRESSIVE;
				GCC_WARN_UNUSED_FUNCTION = YES;
				GCC_WARN_UNUSED_VARIABLE = YES;
				IPHONEOS_DEPLOYMENT_TARGET = 12.1;
				MTL_ENABLE_DEBUG_INFO = NO;
				MTL_FAST_MATH = YES;
				SDKROOT = iphoneos;
				SWIFT_COMPILATION_MODE = wholemodule;
				SWIFT_OPTIMIZATION_LEVEL = "-O";
				VALIDATE_PRODUCT = YES;
			};
			name = Release;
		};
		C86CB6932221EC450029D757 /* Debug */ = {
			isa = XCBuildConfiguration;
			baseConfigurationReference = A047355BF7D08F3BAC4B2F14 /* Pods-iMusic.debug.xcconfig */;
			buildSettings = {
				ASSETCATALOG_COMPILER_APPICON_NAME = AppIcon;
				CODE_SIGN_STYLE = Automatic;
				DEVELOPMENT_TEAM = 5753N2Y6RP;
				INFOPLIST_FILE = iMusic/Info.plist;
				LD_RUNPATH_SEARCH_PATHS = (
					"$(inherited)",
					"@executable_path/Frameworks",
				);
				PRODUCT_BUNDLE_IDENTIFIER = com.pijp.iMusic;
				PRODUCT_NAME = "$(TARGET_NAME)";
				SWIFT_OBJC_BRIDGING_HEADER = "iMusic/iMusic-Bridging-Header.h";
				SWIFT_VERSION = 4.2;
				TARGETED_DEVICE_FAMILY = "1,2";
			};
			name = Debug;
		};
		C86CB6942221EC450029D757 /* Release */ = {
			isa = XCBuildConfiguration;
			baseConfigurationReference = 4782E12CE8F8074C378D86DD /* Pods-iMusic.release.xcconfig */;
			buildSettings = {
				ASSETCATALOG_COMPILER_APPICON_NAME = AppIcon;
				CODE_SIGN_STYLE = Automatic;
				DEVELOPMENT_TEAM = 5753N2Y6RP;
				INFOPLIST_FILE = iMusic/Info.plist;
				LD_RUNPATH_SEARCH_PATHS = (
					"$(inherited)",
					"@executable_path/Frameworks",
				);
				PRODUCT_BUNDLE_IDENTIFIER = com.pijp.iMusic;
				PRODUCT_NAME = "$(TARGET_NAME)";
				SWIFT_OBJC_BRIDGING_HEADER = "iMusic/iMusic-Bridging-Header.h";
				SWIFT_VERSION = 4.2;
				TARGETED_DEVICE_FAMILY = "1,2";
			};
			name = Release;
		};
		C86CB6962221EC450029D757 /* Debug */ = {
			isa = XCBuildConfiguration;
			baseConfigurationReference = F1BF6098B5FC59ED6AC563F7 /* Pods-iMusicTests.debug.xcconfig */;
			buildSettings = {
				ALWAYS_EMBED_SWIFT_STANDARD_LIBRARIES = YES;
				BUNDLE_LOADER = "$(TEST_HOST)";
				CODE_SIGN_STYLE = Automatic;
				DEVELOPMENT_TEAM = 5753N2Y6RP;
				INFOPLIST_FILE = iMusicTests/Info.plist;
				LD_RUNPATH_SEARCH_PATHS = (
					"$(inherited)",
					"@executable_path/Frameworks",
					"@loader_path/Frameworks",
				);
				PRODUCT_BUNDLE_IDENTIFIER = com.pijp.iMusicTests;
				PRODUCT_NAME = "$(TARGET_NAME)";
				SWIFT_OBJC_BRIDGING_HEADER = "iMusic/iMusic-Bridging-Header.h";
				SWIFT_VERSION = 4.2;
				TARGETED_DEVICE_FAMILY = "1,2";
				TEST_HOST = "$(BUILT_PRODUCTS_DIR)/iMusic.app/iMusic";
			};
			name = Debug;
		};
		C86CB6972221EC450029D757 /* Release */ = {
			isa = XCBuildConfiguration;
			baseConfigurationReference = AA05270CB6B3B55EABD099FA /* Pods-iMusicTests.release.xcconfig */;
			buildSettings = {
				ALWAYS_EMBED_SWIFT_STANDARD_LIBRARIES = YES;
				BUNDLE_LOADER = "$(TEST_HOST)";
				CODE_SIGN_STYLE = Automatic;
				DEVELOPMENT_TEAM = 5753N2Y6RP;
				INFOPLIST_FILE = iMusicTests/Info.plist;
				LD_RUNPATH_SEARCH_PATHS = (
					"$(inherited)",
					"@executable_path/Frameworks",
					"@loader_path/Frameworks",
				);
				PRODUCT_BUNDLE_IDENTIFIER = com.pijp.iMusicTests;
				PRODUCT_NAME = "$(TARGET_NAME)";
				SWIFT_OBJC_BRIDGING_HEADER = "iMusic/iMusic-Bridging-Header.h";
				SWIFT_VERSION = 4.2;
				TARGETED_DEVICE_FAMILY = "1,2";
				TEST_HOST = "$(BUILT_PRODUCTS_DIR)/iMusic.app/iMusic";
			};
			name = Release;
		};
/* End XCBuildConfiguration section */

/* Begin XCConfigurationList section */
		C86CB6702221EC430029D757 /* Build configuration list for PBXProject "iMusic" */ = {
			isa = XCConfigurationList;
			buildConfigurations = (
				C86CB6902221EC450029D757 /* Debug */,
				C86CB6912221EC450029D757 /* Release */,
			);
			defaultConfigurationIsVisible = 0;
			defaultConfigurationName = Release;
		};
		C86CB6922221EC450029D757 /* Build configuration list for PBXNativeTarget "iMusic" */ = {
			isa = XCConfigurationList;
			buildConfigurations = (
				C86CB6932221EC450029D757 /* Debug */,
				C86CB6942221EC450029D757 /* Release */,
			);
			defaultConfigurationIsVisible = 0;
			defaultConfigurationName = Release;
		};
		C86CB6952221EC450029D757 /* Build configuration list for PBXNativeTarget "iMusicTests" */ = {
			isa = XCConfigurationList;
			buildConfigurations = (
				C86CB6962221EC450029D757 /* Debug */,
				C86CB6972221EC450029D757 /* Release */,
			);
			defaultConfigurationIsVisible = 0;
			defaultConfigurationName = Release;
		};
/* End XCConfigurationList section */
	};
	rootObject = C86CB66D2221EC430029D757 /* Project object */;
}
